
Microsoft Visual Studio Solution File, Format Version 12.00
# Visual Studio Version 16
VisualStudioVersion = 16.0.30309.148
MinimumVisualStudioVersion = 10.0.40219.1
Project("{FAE04EC0-301F-11D3-BF4B-00C04F79EFBC}") = "NotesMarketPlace", "NotesMarketPlace\NotesMarketPlace.csproj", "{A737BD89-9CFD-4029-B219-C9717CAADD86}"
EndProject
Global
	GlobalSection(SolutionConfigurationPlatforms) = preSolution
		Debug|Any CPU = Debug|Any CPU
		Release|Any CPU = Release|Any CPU
	EndGlobalSection
	GlobalSection(ProjectConfigurationPlatforms) = postSolution
		{A737BD89-9CFD-4029-B219-C9717CAADD86}.Debug|Any CPU.ActiveCfg = Debug|Any CPU
		{A737BD89-9CFD-4029-B219-C9717CAADD86}.Debug|Any CPU.Build.0 = Debug|Any CPU
		{A737BD89-9CFD-4029-B219-C9717CAADD86}.Release|Any CPU.ActiveCfg = Release|Any CPU
		{A737BD89-9CFD-4029-B219-C9717CAADD86}.Release|Any CPU.Build.0 = Release|Any CPU
	EndGlobalSection
	GlobalSection(SolutionProperties) = preSolution
		HideSolutionNode = FALSE
	EndGlobalSection
	GlobalSection(ExtensibilityGlobals) = postSolution
		SolutionGuid = {06D04A07-2987-4C6E-9125-60CE77ECF712}
	EndGlobalSection
EndGlobal
